
Microsoft Visual Studio Solution File, Format Version 12.00
# Visual Studio Version 17
VisualStudioVersion = 17.8.34511.84
MinimumVisualStudioVersion = 10.0.40219.1
Project("{FAE04EC0-301F-11D3-BF4B-00C04F79EFBC}") = "tablestz_api", "tablestz_api\tablestz_api.csproj", "{F85F7A6A-E372-4F25-9D2E-88D6CAC11D84}"
EndProject
Global
	GlobalSection(SolutionConfigurationPlatforms) = preSolution
		Debug|Any CPU = Debug|Any CPU
		Release|Any CPU = Release|Any CPU
	EndGlobalSection
	GlobalSection(ProjectConfigurationPlatforms) = postSolution
		{F85F7A6A-E372-4F25-9D2E-88D6CAC11D84}.Debug|Any CPU.ActiveCfg = Debug|Any CPU
		{F85F7A6A-E372-4F25-9D2E-88D6CAC11D84}.Debug|Any CPU.Build.0 = Debug|Any CPU
		{F85F7A6A-E372-4F25-9D2E-88D6CAC11D84}.Release|Any CPU.ActiveCfg = Release|Any CPU
		{F85F7A6A-E372-4F25-9D2E-88D6CAC11D84}.Release|Any CPU.Build.0 = Release|Any CPU
	EndGlobalSection
	GlobalSection(SolutionProperties) = preSolution
		HideSolutionNode = FALSE
	EndGlobalSection
	GlobalSection(ExtensibilityGlobals) = postSolution
		SolutionGuid = {65C5E2B0-87CB-46E5-8A7A-8EA8A2FD08DB}
	EndGlobalSection
EndGlobal
